
Microsoft Visual Studio Solution File, Format Version 12.00
# Visual Studio Version 17
VisualStudioVersion = 17.11.35327.3
MinimumVisualStudioVersion = 10.0.40219.1
Project("{9A19103F-16F7-4668-BE54-9A1E7A4F7556}") = "Из Файла", "Дз C#_2\Из Файла.csproj", "{6090DF3C-09B0-431E-8470-C810B85B32AE}"
EndProject
Project("{FAE04EC0-301F-11D3-BF4B-00C04F79EFBC}") = "Из Методички", "Из Методички\Из Методички.csproj", "{5AA67898-0537-4034-9AA5-D4AF944F68D8}"
EndProject
Global
	GlobalSection(SolutionConfigurationPlatforms) = preSolution
		Debug|Any CPU = Debug|Any CPU
		Release|Any CPU = Release|Any CPU
	EndGlobalSection
	GlobalSection(ProjectConfigurationPlatforms) = postSolution
		{6090DF3C-09B0-431E-8470-C810B85B32AE}.Debug|Any CPU.ActiveCfg = Debug|Any CPU
		{6090DF3C-09B0-431E-8470-C810B85B32AE}.Debug|Any CPU.Build.0 = Debug|Any CPU
		{6090DF3C-09B0-431E-8470-C810B85B32AE}.Release|Any CPU.ActiveCfg = Release|Any CPU
		{6090DF3C-09B0-431E-8470-C810B85B32AE}.Release|Any CPU.Build.0 = Release|Any CPU
		{5AA67898-0537-4034-9AA5-D4AF944F68D8}.Debug|Any CPU.ActiveCfg = Debug|Any CPU
		{5AA67898-0537-4034-9AA5-D4AF944F68D8}.Debug|Any CPU.Build.0 = Debug|Any CPU
		{5AA67898-0537-4034-9AA5-D4AF944F68D8}.Release|Any CPU.ActiveCfg = Release|Any CPU
		{5AA67898-0537-4034-9AA5-D4AF944F68D8}.Release|Any CPU.Build.0 = Release|Any CPU
	EndGlobalSection
	GlobalSection(SolutionProperties) = preSolution
		HideSolutionNode = FALSE
	EndGlobalSection
	GlobalSection(ExtensibilityGlobals) = postSolution
		SolutionGuid = {37DD3B79-E34E-4C19-AB92-88B6E83C3B38}
	EndGlobalSection
EndGlobal
